
Microsoft Visual Studio Solution File, Format Version 12.00
# Visual Studio Version 17
VisualStudioVersion = 17.11.35219.272
MinimumVisualStudioVersion = 10.0.40219.1
Project("{9A19103F-16F7-4668-BE54-9A1E7A4F7556}") = "asp.net-project-main", "asp.net-project-main\asp.net-project-main.csproj", "{2DD358E9-5106-4CC7-AA40-1C87716C0FB3}"
EndProject
Project("{FAE04EC0-301F-11D3-BF4B-00C04F79EFBC}") = "asp.net-project-main.AppHost", "asp.net-project-main.AppHost\asp.net-project-main.AppHost.csproj", "{07B78071-7F97-431B-B8F3-4D5DFA9EB906}"
EndProject
Project("{9A19103F-16F7-4668-BE54-9A1E7A4F7556}") = "asp.net-project-main.ServiceDefaults", "asp.net-project-main.ServiceDefaults\asp.net-project-main.ServiceDefaults.csproj", "{3E30890E-BA88-45FA-902A-9382A7334C97}"
EndProject
Global
	GlobalSection(SolutionConfigurationPlatforms) = preSolution
		Debug|Any CPU = Debug|Any CPU
		Release|Any CPU = Release|Any CPU
	EndGlobalSection
	GlobalSection(ProjectConfigurationPlatforms) = postSolution
		{2DD358E9-5106-4CC7-AA40-1C87716C0FB3}.Debug|Any CPU.ActiveCfg = Debug|Any CPU
		{2DD358E9-5106-4CC7-AA40-1C87716C0FB3}.Debug|Any CPU.Build.0 = Debug|Any CPU
		{2DD358E9-5106-4CC7-AA40-1C87716C0FB3}.Release|Any CPU.ActiveCfg = Release|Any CPU
		{2DD358E9-5106-4CC7-AA40-1C87716C0FB3}.Release|Any CPU.Build.0 = Release|Any CPU
		{07B78071-7F97-431B-B8F3-4D5DFA9EB906}.Debug|Any CPU.ActiveCfg = Debug|Any CPU
		{07B78071-7F97-431B-B8F3-4D5DFA9EB906}.Debug|Any CPU.Build.0 = Debug|Any CPU
		{07B78071-7F97-431B-B8F3-4D5DFA9EB906}.Release|Any CPU.ActiveCfg = Release|Any CPU
		{07B78071-7F97-431B-B8F3-4D5DFA9EB906}.Release|Any CPU.Build.0 = Release|Any CPU
		{3E30890E-BA88-45FA-902A-9382A7334C97}.Debug|Any CPU.ActiveCfg = Debug|Any CPU
		{3E30890E-BA88-45FA-902A-9382A7334C97}.Debug|Any CPU.Build.0 = Debug|Any CPU
		{3E30890E-BA88-45FA-902A-9382A7334C97}.Release|Any CPU.ActiveCfg = Release|Any CPU
		{3E30890E-BA88-45FA-902A-9382A7334C97}.Release|Any CPU.Build.0 = Release|Any CPU
	EndGlobalSection
	GlobalSection(SolutionProperties) = preSolution
		HideSolutionNode = FALSE
	EndGlobalSection
	GlobalSection(ExtensibilityGlobals) = postSolution
		SolutionGuid = {BAC266CF-9F25-4CDA-9A4A-1DEB35C5B701}
	EndGlobalSection
EndGlobal
